
Microsoft Visual Studio Solution File, Format Version 12.00
# Visual Studio 14
VisualStudioVersion = 14.0.24720.0
MinimumVisualStudioVersion = 10.0.40219.1
Project("{FAE04EC0-301F-11D3-BF4B-00C04F79EFBC}") = "Ja.Mvc.SignalR.Phidget", "Ja.Mvc.SignalR.Phidget\Ja.Mvc.SignalR.Phidget.csproj", "{D6E3C6B4-5EB8-4702-9217-C6D19151A6E3}"
EndProject
Project("{FAE04EC0-301F-11D3-BF4B-00C04F79EFBC}") = "InterfaceKit-full", "InterfaceKit-full\InterfaceKit-full.csproj", "{6CD02F60-F761-4063-819C-1A858B01838C}"
EndProject
Project("{2150E333-8FDC-42A3-9474-1A3956D46DE8}") = "Solution Items", "Solution Items", "{5B2FDF4A-1B9F-4D90-95F5-FCB29159F44C}"
	ProjectSection(SolutionItems) = preProject
		Docs\-00- cdfAT_WSPH2016.docx = Docs\-00- cdfAT_WSPH2016.docx
		Docs\-00- cdfCdc_WSPH2016 - V3.docx = Docs\-00- cdfCdc_WSPH2016 - V3.docx
		Docs\Architecture.vsdx = Docs\Architecture.vsdx
		Docs\CDF-Présentation Projet.pptx = Docs\CDF-Présentation Projet.pptx
		ChangeLog.md = ChangeLog.md
		ChangeLogForDev.md = ChangeLogForDev.md
		Docs\Code.docx = Docs\Code.docx
		ReadMe.md = ReadMe.md
		Docs\Sequences.vsdx = Docs\Sequences.vsdx
	EndProjectSection
EndProject
Project("{FAE04EC0-301F-11D3-BF4B-00C04F79EFBC}") = "RFID-full", "RFID-full\RFID-full.csproj", "{FDE8A124-53E2-40C4-A53B-840FC3492217}"
EndProject
Project("{FAE04EC0-301F-11D3-BF4B-00C04F79EFBC}") = "Servo-full", "Servo-full\Servo-full.csproj", "{46903947-9EC1-42B9-A908-067EDF3E9F7A}"
EndProject
Project("{FAE04EC0-301F-11D3-BF4B-00C04F79EFBC}") = "Ja.SignalRConsole.PhidgetServer", "Ja.SignalRConsole.PhidgetServer\Ja.SignalRConsole.PhidgetServer.csproj", "{53104A80-42AD-4260-B715-36B5F6FEC80A}"
EndProject
Project("{FAE04EC0-301F-11D3-BF4B-00C04F79EFBC}") = "Ja.SignalR.Phidget.Models", "Ja.SignalR.Phidget.Models\Ja.SignalR.Phidget.Models.csproj", "{E963168A-F9D2-46BB-B1EC-51D922F6D2CD}"
EndProject
Project("{FAE04EC0-301F-11D3-BF4B-00C04F79EFBC}") = "Ja.SignalR.PhidgetServer", "Ja.SignalR.PhidgetServer\Ja.SignalR.PhidgetServer.csproj", "{CC6C1290-4E55-4B10-A317-F3560485400A}"
EndProject
Project("{FAE04EC0-301F-11D3-BF4B-00C04F79EFBC}") = "InterfaceKit-simple", "InterfaceKit-simple\InterfaceKit-simple.csproj", "{4260A669-3FB5-409C-9D36-952C0BE8B6AC}"
EndProject
Project("{FAE04EC0-301F-11D3-BF4B-00C04F79EFBC}") = "RFID-simple_vs2008", "RFID-simple\RFID-simple_vs2008.csproj", "{925D70DA-8F43-4C43-B02F-3CADEC85E456}"
EndProject
Project("{FAE04EC0-301F-11D3-BF4B-00C04F79EFBC}") = "Servo-simple", "Servo-simple\Servo-simple.csproj", "{BD000C4F-5C66-4C68-9FD4-06012F4F27B0}"
EndProject
Project("{2150E333-8FDC-42A3-9474-1A3956D46DE8}") = "Phidgets code", "Phidgets code", "{3D043CC3-8EFC-43B8-82F8-0960738FBDC0}"
EndProject
Global
	GlobalSection(SolutionConfigurationPlatforms) = preSolution
		Debug|Any CPU = Debug|Any CPU
		Debug|ARM = Debug|ARM
		Debug|x64 = Debug|x64
		Debug|x86 = Debug|x86
		Release|Any CPU = Release|Any CPU
		Release|ARM = Release|ARM
		Release|x64 = Release|x64
		Release|x86 = Release|x86
	EndGlobalSection
	GlobalSection(ProjectConfigurationPlatforms) = postSolution
		{D6E3C6B4-5EB8-4702-9217-C6D19151A6E3}.Debug|Any CPU.ActiveCfg = Debug|Any CPU
		{D6E3C6B4-5EB8-4702-9217-C6D19151A6E3}.Debug|Any CPU.Build.0 = Debug|Any CPU
		{D6E3C6B4-5EB8-4702-9217-C6D19151A6E3}.Debug|ARM.ActiveCfg = Debug|Any CPU
		{D6E3C6B4-5EB8-4702-9217-C6D19151A6E3}.Debug|ARM.Build.0 = Debug|Any CPU
		{D6E3C6B4-5EB8-4702-9217-C6D19151A6E3}.Debug|x64.ActiveCfg = Debug|Any CPU
		{D6E3C6B4-5EB8-4702-9217-C6D19151A6E3}.Debug|x64.Build.0 = Debug|Any CPU
		{D6E3C6B4-5EB8-4702-9217-C6D19151A6E3}.Debug|x86.ActiveCfg = Debug|Any CPU
		{D6E3C6B4-5EB8-4702-9217-C6D19151A6E3}.Debug|x86.Build.0 = Debug|Any CPU
		{D6E3C6B4-5EB8-4702-9217-C6D19151A6E3}.Release|Any CPU.ActiveCfg = Release|Any CPU
		{D6E3C6B4-5EB8-4702-9217-C6D19151A6E3}.Release|Any CPU.Build.0 = Release|Any CPU
		{D6E3C6B4-5EB8-4702-9217-C6D19151A6E3}.Release|ARM.ActiveCfg = Release|Any CPU
		{D6E3C6B4-5EB8-4702-9217-C6D19151A6E3}.Release|ARM.Build.0 = Release|Any CPU
		{D6E3C6B4-5EB8-4702-9217-C6D19151A6E3}.Release|x64.ActiveCfg = Release|Any CPU
		{D6E3C6B4-5EB8-4702-9217-C6D19151A6E3}.Release|x64.Build.0 = Release|Any CPU
		{D6E3C6B4-5EB8-4702-9217-C6D19151A6E3}.Release|x86.ActiveCfg = Release|Any CPU
		{D6E3C6B4-5EB8-4702-9217-C6D19151A6E3}.Release|x86.Build.0 = Release|Any CPU
		{6CD02F60-F761-4063-819C-1A858B01838C}.Debug|Any CPU.ActiveCfg = Debug|Any CPU
		{6CD02F60-F761-4063-819C-1A858B01838C}.Debug|Any CPU.Build.0 = Debug|Any CPU
		{6CD02F60-F761-4063-819C-1A858B01838C}.Debug|ARM.ActiveCfg = Debug|Any CPU
		{6CD02F60-F761-4063-819C-1A858B01838C}.Debug|ARM.Build.0 = Debug|Any CPU
		{6CD02F60-F761-4063-819C-1A858B01838C}.Debug|x64.ActiveCfg = Debug|Any CPU
		{6CD02F60-F761-4063-819C-1A858B01838C}.Debug|x64.Build.0 = Debug|Any CPU
		{6CD02F60-F761-4063-819C-1A858B01838C}.Debug|x86.ActiveCfg = Debug|Any CPU
		{6CD02F60-F761-4063-819C-1A858B01838C}.Debug|x86.Build.0 = Debug|Any CPU
		{6CD02F60-F761-4063-819C-1A858B01838C}.Release|Any CPU.ActiveCfg = Release|Any CPU
		{6CD02F60-F761-4063-819C-1A858B01838C}.Release|Any CPU.Build.0 = Release|Any CPU
		{6CD02F60-F761-4063-819C-1A858B01838C}.Release|ARM.ActiveCfg = Release|Any CPU
		{6CD02F60-F761-4063-819C-1A858B01838C}.Release|ARM.Build.0 = Release|Any CPU
		{6CD02F60-F761-4063-819C-1A858B01838C}.Release|x64.ActiveCfg = Release|Any CPU
		{6CD02F60-F761-4063-819C-1A858B01838C}.Release|x64.Build.0 = Release|Any CPU
		{6CD02F60-F761-4063-819C-1A858B01838C}.Release|x86.ActiveCfg = Release|Any CPU
		{6CD02F60-F761-4063-819C-1A858B01838C}.Release|x86.Build.0 = Release|Any CPU
		{FDE8A124-53E2-40C4-A53B-840FC3492217}.Debug|Any CPU.ActiveCfg = Debug|Any CPU
		{FDE8A124-53E2-40C4-A53B-840FC3492217}.Debug|Any CPU.Build.0 = Debug|Any CPU
		{FDE8A124-53E2-40C4-A53B-840FC3492217}.Debug|ARM.ActiveCfg = Debug|Any CPU
		{FDE8A124-53E2-40C4-A53B-840FC3492217}.Debug|ARM.Build.0 = Debug|Any CPU
		{FDE8A124-53E2-40C4-A53B-840FC3492217}.Debug|x64.ActiveCfg = Debug|Any CPU
		{FDE8A124-53E2-40C4-A53B-840FC3492217}.Debug|x64.Build.0 = Debug|Any CPU
		{FDE8A124-53E2-40C4-A53B-840FC3492217}.Debug|x86.ActiveCfg = Debug|Any CPU
		{FDE8A124-53E2-40C4-A53B-840FC3492217}.Debug|x86.Build.0 = Debug|Any CPU
		{FDE8A124-53E2-40C4-A53B-840FC3492217}.Release|Any CPU.ActiveCfg = Release|Any CPU
		{FDE8A124-53E2-40C4-A53B-840FC3492217}.Release|Any CPU.Build.0 = Release|Any CPU
		{FDE8A124-53E2-40C4-A53B-840FC3492217}.Release|ARM.ActiveCfg = Release|Any CPU
		{FDE8A124-53E2-40C4-A53B-840FC3492217}.Release|ARM.Build.0 = Release|Any CPU
		{FDE8A124-53E2-40C4-A53B-840FC3492217}.Release|x64.ActiveCfg = Release|Any CPU
		{FDE8A124-53E2-40C4-A53B-840FC3492217}.Release|x64.Build.0 = Release|Any CPU
		{FDE8A124-53E2-40C4-A53B-840FC3492217}.Release|x86.ActiveCfg = Release|Any CPU
		{FDE8A124-53E2-40C4-A53B-840FC3492217}.Release|x86.Build.0 = Release|Any CPU
		{46903947-9EC1-42B9-A908-067EDF3E9F7A}.Debug|Any CPU.ActiveCfg = Debug|Any CPU
		{46903947-9EC1-42B9-A908-067EDF3E9F7A}.Debug|Any CPU.Build.0 = Debug|Any CPU
		{46903947-9EC1-42B9-A908-067EDF3E9F7A}.Debug|ARM.ActiveCfg = Debug|Any CPU
		{46903947-9EC1-42B9-A908-067EDF3E9F7A}.Debug|ARM.Build.0 = Debug|Any CPU
		{46903947-9EC1-42B9-A908-067EDF3E9F7A}.Debug|x64.ActiveCfg = Debug|Any CPU
		{46903947-9EC1-42B9-A908-067EDF3E9F7A}.Debug|x64.Build.0 = Debug|Any CPU
		{46903947-9EC1-42B9-A908-067EDF3E9F7A}.Debug|x86.ActiveCfg = Debug|Any CPU
		{46903947-9EC1-42B9-A908-067EDF3E9F7A}.Debug|x86.Build.0 = Debug|Any CPU
		{46903947-9EC1-42B9-A908-067EDF3E9F7A}.Release|Any CPU.ActiveCfg = Release|Any CPU
		{46903947-9EC1-42B9-A908-067EDF3E9F7A}.Release|Any CPU.Build.0 = Release|Any CPU
		{46903947-9EC1-42B9-A908-067EDF3E9F7A}.Release|ARM.ActiveCfg = Release|Any CPU
		{46903947-9EC1-42B9-A908-067EDF3E9F7A}.Release|ARM.Build.0 = Release|Any CPU
		{46903947-9EC1-42B9-A908-067EDF3E9F7A}.Release|x64.ActiveCfg = Release|Any CPU
		{46903947-9EC1-42B9-A908-067EDF3E9F7A}.Release|x64.Build.0 = Release|Any CPU
		{46903947-9EC1-42B9-A908-067EDF3E9F7A}.Release|x86.ActiveCfg = Release|Any CPU
		{46903947-9EC1-42B9-A908-067EDF3E9F7A}.Release|x86.Build.0 = Release|Any CPU
		{53104A80-42AD-4260-B715-36B5F6FEC80A}.Debug|Any CPU.ActiveCfg = Debug|Any CPU
		{53104A80-42AD-4260-B715-36B5F6FEC80A}.Debug|Any CPU.Build.0 = Debug|Any CPU
		{53104A80-42AD-4260-B715-36B5F6FEC80A}.Debug|ARM.ActiveCfg = Debug|Any CPU
		{53104A80-42AD-4260-B715-36B5F6FEC80A}.Debug|ARM.Build.0 = Debug|Any CPU
		{53104A80-42AD-4260-B715-36B5F6FEC80A}.Debug|x64.ActiveCfg = Debug|Any CPU
		{53104A80-42AD-4260-B715-36B5F6FEC80A}.Debug|x64.Build.0 = Debug|Any CPU
		{53104A80-42AD-4260-B715-36B5F6FEC80A}.Debug|x86.ActiveCfg = Debug|Any CPU
		{53104A80-42AD-4260-B715-36B5F6FEC80A}.Debug|x86.Build.0 = Debug|Any CPU
		{53104A80-42AD-4260-B715-36B5F6FEC80A}.Release|Any CPU.ActiveCfg = Release|Any CPU
		{53104A80-42AD-4260-B715-36B5F6FEC80A}.Release|Any CPU.Build.0 = Release|Any CPU
		{53104A80-42AD-4260-B715-36B5F6FEC80A}.Release|ARM.ActiveCfg = Release|Any CPU
		{53104A80-42AD-4260-B715-36B5F6FEC80A}.Release|ARM.Build.0 = Release|Any CPU
		{53104A80-42AD-4260-B715-36B5F6FEC80A}.Release|x64.ActiveCfg = Release|Any CPU
		{53104A80-42AD-4260-B715-36B5F6FEC80A}.Release|x64.Build.0 = Release|Any CPU
		{53104A80-42AD-4260-B715-36B5F6FEC80A}.Release|x86.ActiveCfg = Release|Any CPU
		{53104A80-42AD-4260-B715-36B5F6FEC80A}.Release|x86.Build.0 = Release|Any CPU
		{E963168A-F9D2-46BB-B1EC-51D922F6D2CD}.Debug|Any CPU.ActiveCfg = Debug|Any CPU
		{E963168A-F9D2-46BB-B1EC-51D922F6D2CD}.Debug|Any CPU.Build.0 = Debug|Any CPU
		{E963168A-F9D2-46BB-B1EC-51D922F6D2CD}.Debug|ARM.ActiveCfg = Debug|Any CPU
		{E963168A-F9D2-46BB-B1EC-51D922F6D2CD}.Debug|ARM.Build.0 = Debug|Any CPU
		{E963168A-F9D2-46BB-B1EC-51D922F6D2CD}.Debug|x64.ActiveCfg = Debug|Any CPU
		{E963168A-F9D2-46BB-B1EC-51D922F6D2CD}.Debug|x64.Build.0 = Debug|Any CPU
		{E963168A-F9D2-46BB-B1EC-51D922F6D2CD}.Debug|x86.ActiveCfg = Debug|Any CPU
		{E963168A-F9D2-46BB-B1EC-51D922F6D2CD}.Debug|x86.Build.0 = Debug|Any CPU
		{E963168A-F9D2-46BB-B1EC-51D922F6D2CD}.Release|Any CPU.ActiveCfg = Release|Any CPU
		{E963168A-F9D2-46BB-B1EC-51D922F6D2CD}.Release|Any CPU.Build.0 = Release|Any CPU
		{E963168A-F9D2-46BB-B1EC-51D922F6D2CD}.Release|ARM.ActiveCfg = Release|Any CPU
		{E963168A-F9D2-46BB-B1EC-51D922F6D2CD}.Release|ARM.Build.0 = Release|Any CPU
		{E963168A-F9D2-46BB-B1EC-51D922F6D2CD}.Release|x64.ActiveCfg = Release|Any CPU
		{E963168A-F9D2-46BB-B1EC-51D922F6D2CD}.Release|x64.Build.0 = Release|Any CPU
		{E963168A-F9D2-46BB-B1EC-51D922F6D2CD}.Release|x86.ActiveCfg = Release|Any CPU
		{E963168A-F9D2-46BB-B1EC-51D922F6D2CD}.Release|x86.Build.0 = Release|Any CPU
		{CC6C1290-4E55-4B10-A317-F3560485400A}.Debug|Any CPU.ActiveCfg = Debug|Any CPU
		{CC6C1290-4E55-4B10-A317-F3560485400A}.Debug|Any CPU.Build.0 = Debug|Any CPU
		{CC6C1290-4E55-4B10-A317-F3560485400A}.Debug|ARM.ActiveCfg = Debug|Any CPU
		{CC6C1290-4E55-4B10-A317-F3560485400A}.Debug|ARM.Build.0 = Debug|Any CPU
		{CC6C1290-4E55-4B10-A317-F3560485400A}.Debug|x64.ActiveCfg = Debug|Any CPU
		{CC6C1290-4E55-4B10-A317-F3560485400A}.Debug|x64.Build.0 = Debug|Any CPU
		{CC6C1290-4E55-4B10-A317-F3560485400A}.Debug|x86.ActiveCfg = Debug|Any CPU
		{CC6C1290-4E55-4B10-A317-F3560485400A}.Debug|x86.Build.0 = Debug|Any CPU
		{CC6C1290-4E55-4B10-A317-F3560485400A}.Release|Any CPU.ActiveCfg = Release|Any CPU
		{CC6C1290-4E55-4B10-A317-F3560485400A}.Release|Any CPU.Build.0 = Release|Any CPU
		{CC6C1290-4E55-4B10-A317-F3560485400A}.Release|ARM.ActiveCfg = Release|Any CPU
		{CC6C1290-4E55-4B10-A317-F3560485400A}.Release|ARM.Build.0 = Release|Any CPU
		{CC6C1290-4E55-4B10-A317-F3560485400A}.Release|x64.ActiveCfg = Release|Any CPU
		{CC6C1290-4E55-4B10-A317-F3560485400A}.Release|x64.Build.0 = Release|Any CPU
		{CC6C1290-4E55-4B10-A317-F3560485400A}.Release|x86.ActiveCfg = Release|Any CPU
		{CC6C1290-4E55-4B10-A317-F3560485400A}.Release|x86.Build.0 = Release|Any CPU
		{4260A669-3FB5-409C-9D36-952C0BE8B6AC}.Debug|Any CPU.ActiveCfg = Debug|Any CPU
		{4260A669-3FB5-409C-9D36-952C0BE8B6AC}.Debug|Any CPU.Build.0 = Debug|Any CPU
		{4260A669-3FB5-409C-9D36-952C0BE8B6AC}.Debug|ARM.ActiveCfg = Debug|Any CPU
		{4260A669-3FB5-409C-9D36-952C0BE8B6AC}.Debug|ARM.Build.0 = Debug|Any CPU
		{4260A669-3FB5-409C-9D36-952C0BE8B6AC}.Debug|x64.ActiveCfg = Debug|Any CPU
		{4260A669-3FB5-409C-9D36-952C0BE8B6AC}.Debug|x64.Build.0 = Debug|Any CPU
		{4260A669-3FB5-409C-9D36-952C0BE8B6AC}.Debug|x86.ActiveCfg = Debug|Any CPU
		{4260A669-3FB5-409C-9D36-952C0BE8B6AC}.Debug|x86.Build.0 = Debug|Any CPU
		{4260A669-3FB5-409C-9D36-952C0BE8B6AC}.Release|Any CPU.ActiveCfg = Release|Any CPU
		{4260A669-3FB5-409C-9D36-952C0BE8B6AC}.Release|Any CPU.Build.0 = Release|Any CPU
		{4260A669-3FB5-409C-9D36-952C0BE8B6AC}.Release|ARM.ActiveCfg = Release|Any CPU
		{4260A669-3FB5-409C-9D36-952C0BE8B6AC}.Release|ARM.Build.0 = Release|Any CPU
		{4260A669-3FB5-409C-9D36-952C0BE8B6AC}.Release|x64.ActiveCfg = Release|Any CPU
		{4260A669-3FB5-409C-9D36-952C0BE8B6AC}.Release|x64.Build.0 = Release|Any CPU
		{4260A669-3FB5-409C-9D36-952C0BE8B6AC}.Release|x86.ActiveCfg = Release|Any CPU
		{4260A669-3FB5-409C-9D36-952C0BE8B6AC}.Release|x86.Build.0 = Release|Any CPU
		{925D70DA-8F43-4C43-B02F-3CADEC85E456}.Debug|Any CPU.ActiveCfg = Debug|Any CPU
		{925D70DA-8F43-4C43-B02F-3CADEC85E456}.Debug|Any CPU.Build.0 = Debug|Any CPU
		{925D70DA-8F43-4C43-B02F-3CADEC85E456}.Debug|ARM.ActiveCfg = Debug|Any CPU
		{925D70DA-8F43-4C43-B02F-3CADEC85E456}.Debug|ARM.Build.0 = Debug|Any CPU
		{925D70DA-8F43-4C43-B02F-3CADEC85E456}.Debug|x64.ActiveCfg = Debug|Any CPU
		{925D70DA-8F43-4C43-B02F-3CADEC85E456}.Debug|x64.Build.0 = Debug|Any CPU
		{925D70DA-8F43-4C43-B02F-3CADEC85E456}.Debug|x86.ActiveCfg = Debug|Any CPU
		{925D70DA-8F43-4C43-B02F-3CADEC85E456}.Debug|x86.Build.0 = Debug|Any CPU
		{925D70DA-8F43-4C43-B02F-3CADEC85E456}.Release|Any CPU.ActiveCfg = Release|Any CPU
		{925D70DA-8F43-4C43-B02F-3CADEC85E456}.Release|Any CPU.Build.0 = Release|Any CPU
		{925D70DA-8F43-4C43-B02F-3CADEC85E456}.Release|ARM.ActiveCfg = Release|Any CPU
		{925D70DA-8F43-4C43-B02F-3CADEC85E456}.Release|ARM.Build.0 = Release|Any CPU
		{925D70DA-8F43-4C43-B02F-3CADEC85E456}.Release|x64.ActiveCfg = Release|Any CPU
		{925D70DA-8F43-4C43-B02F-3CADEC85E456}.Release|x64.Build.0 = Release|Any CPU
		{925D70DA-8F43-4C43-B02F-3CADEC85E456}.Release|x86.ActiveCfg = Release|Any CPU
		{925D70DA-8F43-4C43-B02F-3CADEC85E456}.Release|x86.Build.0 = Release|Any CPU
		{BD000C4F-5C66-4C68-9FD4-06012F4F27B0}.Debug|Any CPU.ActiveCfg = Debug|Any CPU
		{BD000C4F-5C66-4C68-9FD4-06012F4F27B0}.Debug|Any CPU.Build.0 = Debug|Any CPU
		{BD000C4F-5C66-4C68-9FD4-06012F4F27B0}.Debug|ARM.ActiveCfg = Debug|Any CPU
		{BD000C4F-5C66-4C68-9FD4-06012F4F27B0}.Debug|ARM.Build.0 = Debug|Any CPU
		{BD000C4F-5C66-4C68-9FD4-06012F4F27B0}.Debug|x64.ActiveCfg = Debug|Any CPU
		{BD000C4F-5C66-4C68-9FD4-06012F4F27B0}.Debug|x64.Build.0 = Debug|Any CPU
		{BD000C4F-5C66-4C68-9FD4-06012F4F27B0}.Debug|x86.ActiveCfg = Debug|Any CPU
		{BD000C4F-5C66-4C68-9FD4-06012F4F27B0}.Debug|x86.Build.0 = Debug|Any CPU
		{BD000C4F-5C66-4C68-9FD4-06012F4F27B0}.Release|Any CPU.ActiveCfg = Release|Any CPU
		{BD000C4F-5C66-4C68-9FD4-06012F4F27B0}.Release|Any CPU.Build.0 = Release|Any CPU
		{BD000C4F-5C66-4C68-9FD4-06012F4F27B0}.Release|ARM.ActiveCfg = Release|Any CPU
		{BD000C4F-5C66-4C68-9FD4-06012F4F27B0}.Release|ARM.Build.0 = Release|Any CPU
		{BD000C4F-5C66-4C68-9FD4-06012F4F27B0}.Release|x64.ActiveCfg = Release|Any CPU
		{BD000C4F-5C66-4C68-9FD4-06012F4F27B0}.Release|x64.Build.0 = Release|Any CPU
		{BD000C4F-5C66-4C68-9FD4-06012F4F27B0}.Release|x86.ActiveCfg = Release|Any CPU
		{BD000C4F-5C66-4C68-9FD4-06012F4F27B0}.Release|x86.Build.0 = Release|Any CPU
	EndGlobalSection
	GlobalSection(SolutionProperties) = preSolution
		HideSolutionNode = FALSE
	EndGlobalSection
	GlobalSection(NestedProjects) = preSolution
		{6CD02F60-F761-4063-819C-1A858B01838C} = {3D043CC3-8EFC-43B8-82F8-0960738FBDC0}
		{FDE8A124-53E2-40C4-A53B-840FC3492217} = {3D043CC3-8EFC-43B8-82F8-0960738FBDC0}
		{46903947-9EC1-42B9-A908-067EDF3E9F7A} = {3D043CC3-8EFC-43B8-82F8-0960738FBDC0}
		{4260A669-3FB5-409C-9D36-952C0BE8B6AC} = {3D043CC3-8EFC-43B8-82F8-0960738FBDC0}
		{925D70DA-8F43-4C43-B02F-3CADEC85E456} = {3D043CC3-8EFC-43B8-82F8-0960738FBDC0}
		{BD000C4F-5C66-4C68-9FD4-06012F4F27B0} = {3D043CC3-8EFC-43B8-82F8-0960738FBDC0}
	EndGlobalSection
EndGlobal
